Microsoft Visual Studio Solution File, Format Version 11.00
# Visual Studio 2008

Project("{3C832124-6643-DDD3-7901-A6B3866C2FC8}") = "gameBasics", "Assembly-CSharp.csproj", "{53A3144A-6F6F-06C2-BBDA-A6D61723CFD8}"
EndProject
Global
	GlobalSection(SolutionConfigurationPlatforms) = preSolution
		Debug|Any CPU = Debug|Any CPU
		Release|Any CPU = Release|Any CPU
	EndGlobalSection
	GlobalSection(ProjectConfigurationPlatforms) = postSolution
		{53A3144A-6F6F-06C2-BBDA-A6D61723CFD8}.Debug|Any CPU.ActiveCfg = Debug|Any CPU
		{53A3144A-6F6F-06C2-BBDA-A6D61723CFD8}.Debug|Any CPU.Build.0 = Debug|Any CPU
		{53A3144A-6F6F-06C2-BBDA-A6D61723CFD8}.Release|Any CPU.ActiveCfg = Release|Any CPU
		{53A3144A-6F6F-06C2-BBDA-A6D61723CFD8}.Release|Any CPU.Build.0 = Release|Any CPU
	EndGlobalSection
	GlobalSection(SolutionProperties) = preSolution
		HideSolutionNode = FALSE
	EndGlobalSection
	GlobalSection(MonoDevelopProperties) = preSolution
		StartupItem = Assembly-CSharp.csproj
	EndGlobalSection
EndGlobal
